// !$*UTF8*$!
{
	archiveVersion = 1;
	classes = {
	};
	objectVersion = 46;
	objects = {

/* Begin PBXBuildFile section */
		4272EF191BCCB53200B4DEB9 /* AppDelegate.swift in Sources */ = {isa = PBXBuildFile; fileRef = 4272EF181BCCB53200B4DEB9 /* AppDelegate.swift */; };
		4272EF1B1BCCB53200B4DEB9 /* ViewController.swift in Sources */ = {isa = PBXBuildFile; fileRef = 4272EF1A1BCCB53200B4DEB9 /* ViewController.swift */; };
		4272EF1E1BCCB53200B4DEB9 /* Main.storyboard in Resources */ = {isa = PBXBuildFile; fileRef = 4272EF1C1BCCB53200B4DEB9 /* Main.storyboard */; };
		4272EF201BCCB53200B4DEB9 /* Assets.xcassets in Resources */ = {isa = PBXBuildFile; fileRef = 4272EF1F1BCCB53200B4DEB9 /* Assets.xcassets */; };
		4272EF231BCCB53200B4DEB9 /* LaunchScreen.storyboard in Resources */ = {isa = PBXBuildFile; fileRef = 4272EF211BCCB53200B4DEB9 /* LaunchScreen.storyboard */; };
		4272EF2E1BCCB53200B4DEB9 /* EffectScrollViewTests.swift in Sources */ = {isa = PBXBuildFile; fileRef = 4272EF2D1BCCB53200B4DEB9 /* EffectScrollViewTests.swift */; };
		4272EF3C1BCCB5D600B4DEB9 /* AnimationScrollView.swift in Sources */ = {isa = PBXBuildFile; fileRef = 4272EF3B1BCCB5D600B4DEB9 /* AnimationScrollView.swift */; settings = {ASSET_TAGS = (); }; };
/* End PBXBuildFile section */

/* Begin PBXContainerItemProxy section */
		4272EF2A1BCCB53200B4DEB9 /* PBXContainerItemProxy */ = {
			isa = PBXContainerItemProxy;
			containerPortal = 4272EF0D1BCCB53200B4DEB9 /* Project object */;
			proxyType = 1;
			remoteGlobalIDString = 4272EF141BCCB53200B4DEB9;
			remoteInfo = EffectScrollView;
		};
/* End PBXContainerItemProxy section */

/* Begin PBXFileReference section */
		4272EF151BCCB53200B4DEB9 /* EffectScrollView.app */ = {isa = PBXFileReference; explicitFileType = wrapper.application; includeInIndex = 0; path = EffectScrollView.app; sourceTree = BUILT_PRODUCTS_DIR; };
		4272EF181BCCB53200B4DEB9 /* AppDelegate.swift */ = {isa = PBXFileReference; lastKnownFileType = sourcecode.swift; path = AppDelegate.swift; sourceTree = "<group>"; };
		4272EF1A1BCCB53200B4DEB9 /* ViewController.swift */ = {isa = PBXFileReference; lastKnownFileType = sourcecode.swift; path = ViewController.swift; sourceTree = "<group>"; };
		4272EF1D1BCCB53200B4DEB9 /* Base */ = {isa = PBXFileReference; lastKnownFileType = file.storyboard; name = Base; path = Base.lproj/Main.storyboard; sourceTree = "<group>"; };
		4272EF1F1BCCB53200B4DEB9 /* Assets.xcassets */ = {isa = PBXFileReference; lastKnownFileType = folder.assetcatalog; path = Assets.xcassets; sourceTree = "<group>"; };
		4272EF221BCCB53200B4DEB9 /* Base */ = {isa = PBXFileReference; lastKnownFileType = file.storyboard; name = Base; path = Base.lproj/LaunchScreen.storyboard; sourceTree = "<group>"; };
		4272EF241BCCB53200B4DEB9 /* Info.plist */ = {isa = PBXFileReference; lastKnownFileType = text.plist.xml; path = Info.plist; sourceTree = "<group>"; };
		4272EF291BCCB53200B4DEB9 /* EffectScrollViewTests.xctest */ = {isa = PBXFileReference; explicitFileType = wrapper.cfbundle; includeInIndex = 0; path = EffectScrollViewTests.xctest; sourceTree = BUILT_PRODUCTS_DIR; };
		4272EF2D1BCCB53200B4DEB9 /* EffectScrollViewTests.swift */ = {isa = PBXFileReference; lastKnownFileType = sourcecode.swift; path = EffectScrollViewTests.swift; sourceTree = "<group>"; };
		4272EF2F1BCCB53200B4DEB9 /* Info.plist */ = {isa = PBXFileReference; lastKnownFileType = text.plist.xml; path = Info.plist; sourceTree = "<group>"; };
		4272EF3B1BCCB5D600B4DEB9 /* AnimationScrollView.swift */ = {isa = PBXFileReference; fileEncoding = 4; lastKnownFileType = sourcecode.swift; path = AnimationScrollView.swift; sourceTree = "<group>"; };
/* End PBXFileReference section */

/* Begin PBXFrameworksBuildPhase section */
		4272EF121BCCB53200B4DEB9 /* Frameworks */ = {
			isa = PBXFrameworksBuildPhase;
			buildActionMask = 2147483647;
			files = (
			);
			runOnlyForDeploymentPostprocessing = 0;
		};
		4272EF261BCCB53200B4DEB9 /* Frameworks */ = {
			isa = PBXFrameworksBuildPhase;
			buildActionMask = 2147483647;
			files = (
			);
			runOnlyForDeploymentPostprocessing = 0;
		};
/* End PBXFrameworksBuildPhase section */

/* Begin PBXGroup section */
		4272EF0C1BCCB53200B4DEB9 = {
			isa = PBXGroup;
			children = (
				4272EF171BCCB53200B4DEB9 /* EffectScrollView */,
				4272EF2C1BCCB53200B4DEB9 /* EffectScrollViewTests */,
				4272EF161BCCB53200B4DEB9 /* Products */,
			);
			sourceTree = "<group>";
		};
		4272EF161BCCB53200B4DEB9 /* Products */ = {
			isa = PBXGroup;
			children = (
				4272EF151BCCB53200B4DEB9 /* EffectScrollView.app */,
				4272EF291BCCB53200B4DEB9 /* EffectScrollViewTests.xctest */,
			);
			name = Products;
			sourceTree = "<group>";
		};
		4272EF171BCCB53200B4DEB9 /* EffectScrollView */ = {
			isa = PBXGroup;
			children = (
				4272EF3A1BCCB55900B4DEB9 /* Controller */,
				4272EF391BCCB55400B4DEB9 /* View */,
				4272EF381BCCB54E00B4DEB9 /* Other */,
			);
			path = EffectScrollView;
			sourceTree = "<group>";
		};
		4272EF2C1BCCB53200B4DEB9 /* EffectScrollViewTests */ = {
			isa = PBXGroup;
			children = (
				4272EF2D1BCCB53200B4DEB9 /* EffectScrollViewTests.swift */,
				4272EF2F1BCCB53200B4DEB9 /* Info.plist */,
			);
			path = EffectScrollViewTests;
			sourceTree = "<group>";
		};
		4272EF381BCCB54E00B4DEB9 /* Other */ = {
			isa = PBXGroup;
			children = (
				4272EF181BCCB53200B4DEB9 /* AppDelegate.swift */,
				4272EF1F1BCCB53200B4DEB9 /* Assets.xcassets */,
				4272EF211BCCB53200B4DEB9 /* LaunchScreen.storyboard */,
				4272EF241BCCB53200B4DEB9 /* Info.plist */,
			);
			name = Other;
			sourceTree = "<group>";
		};
		4272EF391BCCB55400B4DEB9 /* View */ = {
			isa = PBXGroup;
			children = (
				4272EF1C1BCCB53200B4DEB9 /* Main.storyboard */,
			);
			name = View;
			sourceTree = "<group>";
		};
		4272EF3A1BCCB55900B4DEB9 /* Controller */ = {
			isa = PBXGroup;
			children = (
				4272EF1A1BCCB53200B4DEB9 /* ViewController.swift */,
				4272EF3B1BCCB5D600B4DEB9 /* AnimationScrollView.swift */,
			);
			name = Controller;
			sourceTree = "<group>";
		};
/* End PBXGroup section */

/* Begin PBXNativeTarget section */
		4272EF141BCCB53200B4DEB9 /* EffectScrollView */ = {
			isa = PBXNativeTarget;
			buildConfigurationList = 4272EF321BCCB53200B4DEB9 /* Build configuration list for PBXNativeTarget "EffectScrollView" */;
			buildPhases = (
				4272EF111BCCB53200B4DEB9 /* Sources */,
				4272EF121BCCB53200B4DEB9 /* Frameworks */,
				4272EF131BCCB53200B4DEB9 /* Resources */,
			);
			buildRules = (
			);
			dependencies = (
			);
			name = EffectScrollView;
			productName = EffectScrollView;
			productReference = 4272EF151BCCB53200B4DEB9 /* EffectScrollView.app */;
			productType = "com.apple.product-type.application";
		};
		4272EF281BCCB53200B4DEB9 /* EffectScrollViewTests */ = {
			isa = PBXNativeTarget;
			buildConfigurationList = 4272EF351BCCB53200B4DEB9 /* Build configuration list for PBXNativeTarget "EffectScrollViewTests" */;
			buildPhases = (
				4272EF251BCCB53200B4DEB9 /* Sources */,
				4272EF261BCCB53200B4DEB9 /* Frameworks */,
				4272EF271BCCB53200B4DEB9 /* Resources */,
			);
			buildRules = (
			);
			dependencies = (
				4272EF2B1BCCB53200B4DEB9 /* PBXTargetDependency */,
			);
			name = EffectScrollViewTests;
			productName = EffectScrollViewTests;
			productReference = 4272EF291BCCB53200B4DEB9 /* EffectScrollViewTests.xctest */;
			productType = "com.apple.product-type.bundle.unit-test";
		};
/* End PBXNativeTarget section */

/* Begin PBXProject section */
		4272EF0D1BCCB53200B4DEB9 /* Project object */ = {
			isa = PBXProject;
			attributes = {
				LastUpgradeCheck = 0700;
				ORGANIZATIONNAME = "Ky Nguyen";
				TargetAttributes = {
					4272EF141BCCB53200B4DEB9 = {
						CreatedOnToolsVersion = 7.0;
						DevelopmentTeam = YM62LBZ4XN;
					};
					4272EF281BCCB53200B4DEB9 = {
						CreatedOnToolsVersion = 7.0;
						DevelopmentTeam = YM62LBZ4XN;
						TestTargetID = 4272EF141BCCB53200B4DEB9;
					};
				};
			};
			buildConfigurationList = 4272EF101BCCB53200B4DEB9 /* Build configuration list for PBXProject "EffectScrollView" */;
			compatibilityVersion = "Xcode 3.2";
			developmentRegion = English;
			hasScannedForEncodings = 0;
			knownRegions = (
				en,
				Base,
			);
			mainGroup = 4272EF0C1BCCB53200B4DEB9;
			productRefGroup = 4272EF161BCCB53200B4DEB9 /* Products */;
			projectDirPath = "";
			projectRoot = "";
			targets = (
				4272EF141BCCB53200B4DEB9 /* EffectScrollView */,
				4272EF281BCCB53200B4DEB9 /* EffectScrollViewTests */,
			);
		};
/* End PBXProject section */

/* Begin PBXResourcesBuildPhase section */
		4272EF131BCCB53200B4DEB9 /* Resources */ = {
			isa = PBXResourcesBuildPhase;
			buildActionMask = 2147483647;
			files = (
				4272EF231BCCB53200B4DEB9 /* LaunchScreen.storyboard in Resources */,
				4272EF201BCCB53200B4DEB9 /* Assets.xcassets in Resources */,
				4272EF1E1BCCB53200B4DEB9 /* Main.storyboard in Resources */,
			);
			runOnlyForDeploymentPostprocessing = 0;
		};
		4272EF271BCCB53200B4DEB9 /* Resources */ = {
			isa = PBXResourcesBuildPhase;
			buildActionMask = 2147483647;
			files = (
			);
			runOnlyForDeploymentPostprocessing = 0;
		};
/* End PBXResourcesBuildPhase section */

/* Begin PBXSourcesBuildPhase section */
		4272EF111BCCB53200B4DEB9 /* Sources */ = {
			isa = PBXSourcesBuildPhase;
			buildActionMask = 2147483647;
			files = (
				4272EF1B1BCCB53200B4DEB9 /* ViewController.swift in Sources */,
				4272EF191BCCB53200B4DEB9 /* AppDelegate.swift in Sources */,
				4272EF3C1BCCB5D600B4DEB9 /* AnimationScrollView.swift in Sources */,
			);
			runOnlyForDeploymentPostprocessing = 0;
		};
		4272EF251BCCB53200B4DEB9 /* Sources */ = {
			isa = PBXSourcesBuildPhase;
			buildActionMask = 2147483647;
			files = (
				4272EF2E1BCCB53200B4DEB9 /* EffectScrollViewTests.swift in Sources */,
			);
			runOnlyForDeploymentPostprocessing = 0;
		};
/* End PBXSourcesBuildPhase section */

/* Begin PBXTargetDependency section */
		4272EF2B1BCCB53200B4DEB9 /* PBXTargetDependency */ = {
			isa = PBXTargetDependency;
			target = 4272EF141BCCB53200B4DEB9 /* EffectScrollView */;
			targetProxy = 4272EF2A1BCCB53200B4DEB9 /* PBXContainerItemProxy */;
		};
/* End PBXTargetDependency section */

/* Begin PBXVariantGroup section */
		4272EF1C1BCCB53200B4DEB9 /* Main.storyboard */ = {
			isa = PBXVariantGroup;
			children = (
				4272EF1D1BCCB53200B4DEB9 /* Base */,
			);
			name = Main.storyboard;
			sourceTree = "<group>";
		};
		4272EF211BCCB53200B4DEB9 /* LaunchScreen.storyboard */ = {
			isa = PBXVariantGroup;
			children = (
				4272EF221BCCB53200B4DEB9 /* Base */,
			);
			name = LaunchScreen.storyboard;
			sourceTree = "<group>";
		};
/* End PBXVariantGroup section */

/* Begin XCBuildConfiguration section */
		4272EF301BCCB53200B4DEB9 /* Debug */ = {
			isa = XCBuildConfiguration;
			buildSettings = {
				ALWAYS_SEARCH_USER_PATHS = NO;
				CLANG_CXX_LANGUAGE_STANDARD = "gnu++0x";
				CLANG_CXX_LIBRARY = "libc++";
				CLANG_ENABLE_MODULES = YES;
				CLANG_ENABLE_OBJC_ARC = YES;
				CLANG_WARN_BOOL_CONVERSION = YES;
				CLANG_WARN_CONSTANT_CONVERSION = YES;
				CLANG_WARN_DIRECT_OBJC_ISA_USAGE = YES_ERROR;
				CLANG_WARN_EMPTY_BODY = YES;
				CLANG_WARN_ENUM_CONVERSION = YES;
				CLANG_WARN_INT_CONVERSION = YES;
				CLANG_WARN_OBJC_ROOT_CLASS = YES_ERROR;
				CLANG_WARN_UNREACHABLE_CODE = YES;
				CLANG_WARN__DUPLICATE_METHOD_MATCH = YES;
				"CODE_SIGN_IDENTITY[sdk=iphoneos*]" = "iPhone Developer";
				COPY_PHASE_STRIP = NO;
				DEBUG_INFORMATION_FORMAT = dwarf;
				ENABLE_STRICT_OBJC_MSGSEND = YES;
				ENABLE_TESTABILITY = YES;
				GCC_C_LANGUAGE_STANDARD = gnu99;
				GCC_DYNAMIC_NO_PIC = NO;
				GCC_NO_COMMON_BLOCKS = YES;
				GCC_OPTIMIZATION_LEVEL = 0;
				GCC_PREPROCESSOR_DEFINITIONS = (
					"DEBUG=1",
					"$(inherited)",
				);
				GCC_WARN_64_TO_32_BIT_CONVERSION = YES;
				GCC_WARN_ABOUT_RETURN_TYPE = YES_ERROR;
				GCC_WARN_UNDECLARED_SELECTOR = YES;
				GCC_WARN_UNINITIALIZED_AUTOS = YES_AGGRESSIVE;
				GCC_WARN_UNUSED_FUNCTION = YES;
				GCC_WARN_UNUSED_VARIABLE = YES;
				IPHONEOS_DEPLOYMENT_TARGET = 9.0;
				MTL_ENABLE_DEBUG_INFO = YES;
				ONLY_ACTIVE_ARCH = YES;
				SDKROOT = iphoneos;
				SWIFT_OPTIMIZATION_LEVEL = "-Onone";
			};
			name = Debug;
		};
		4272EF311BCCB53200B4DEB9 /* Release */ = {
			isa = XCBuildConfiguration;
			buildSettings = {
				ALWAYS_SEARCH_USER_PATHS = NO;
				CLANG_CXX_LANGUAGE_STANDARD = "gnu++0x";
				CLANG_CXX_LIBRARY = "libc++";
				CLANG_ENABLE_MODULES = YES;
				CLANG_ENABLE_OBJC_ARC = YES;
				CLANG_WARN_BOOL_CONVERSION = YES;
				CLANG_WARN_CONSTANT_CONVERSION = YES;
				CLANG_WARN_DIRECT_OBJC_ISA_USAGE = YES_ERROR;
				CLANG_WARN_EMPTY_BODY = YES;
				CLANG_WARN_ENUM_CONVERSION = YES;
				CLANG_WARN_INT_CONVERSION = YES;
				CLANG_WARN_OBJC_ROOT_CLASS = YES_ERROR;
				CLANG_WARN_UNREACHABLE_CODE = YES;
				CLANG_WARN__DUPLICATE_METHOD_MATCH = YES;
				"CODE_SIGN_IDENTITY[sdk=iphoneos*]" = "iPhone Developer";
				COPY_PHASE_STRIP = NO;
				DEBUG_INFORMATION_FORMAT = "dwarf-with-dsym";
				ENABLE_NS_ASSERTIONS = NO;
				ENABLE_STRICT_OBJC_MSGSEND = YES;
				GCC_C_LANGUAGE_STANDARD = gnu99;
				GCC_NO_COMMON_BLOCKS = YES;
				GCC_WARN_64_TO_32_BIT_CONVERSION = YES;
				GCC_WARN_ABOUT_RETURN_TYPE = YES_ERROR;
				GCC_WARN_UNDECLARED_SELECTOR = YES;
				GCC_WARN_UNINITIALIZED_AUTOS = YES_AGGRESSIVE;
				GCC_WARN_UNUSED_FUNCTION = YES;
				GCC_WARN_UNUSED_VARIABLE = YES;
				IPHONEOS_DEPLOYMENT_TARGET = 9.0;
				MTL_ENABLE_DEBUG_INFO = NO;
				SDKROOT = iphoneos;
				VALIDATE_PRODUCT = YES;
			};
			name = Release;
		};
		4272EF331BCCB53200B4DEB9 /* Debug */ = {
			isa = XCBuildConfiguration;
			buildSettings = {
				ASSETCATALOG_COMPILER_APPICON_NAME = AppIcon;
				INFOPLIST_FILE = EffectScrollView/Info.plist;
				LD_RUNPATH_SEARCH_PATHS = "$(inherited) @executable_path/Frameworks";
				PRODUCT_BUNDLE_IDENTIFIER = phuot.EffectScrollView;
				PRODUCT_NAME = "$(TARGET_NAME)";
			};
			name = Debug;
		};
		4272EF341BCCB53200B4DEB9 /* Release */ = {
			isa = XCBuildConfiguration;
			buildSettings = {
				ASSETCATALOG_COMPILER_APPICON_NAME = AppIcon;
				INFOPLIST_FILE = EffectScrollView/Info.plist;
				LD_RUNPATH_SEARCH_PATHS = "$(inherited) @executable_path/Frameworks";
				PRODUCT_BUNDLE_IDENTIFIER = phuot.EffectScrollView;
				PRODUCT_NAME = "$(TARGET_NAME)";
			};
			name = Release;
		};
		4272EF361BCCB53200B4DEB9 /* Debug */ = {
			isa = XCBuildConfiguration;
			buildSettings = {
				BUNDLE_LOADER = "$(TEST_HOST)";
				INFOPLIST_FILE = EffectScrollViewTests/Info.plist;
				LD_RUNPATH_SEARCH_PATHS = "$(inherited) @executable_path/Frameworks @loader_path/Frameworks";
				PRODUCT_BUNDLE_IDENTIFIER = phuot.EffectScrollViewTests;
				PRODUCT_NAME = "$(TARGET_NAME)";
				TEST_HOST = "$(BUILT_PRODUCTS_DIR)/EffectScrollView.app/EffectScrollView";
			};
			name = Debug;
		};
		4272EF371BCCB53200B4DEB9 /* Release */ = {
			isa = XCBuildConfiguration;
			buildSettings = {
				BUNDLE_LOADER = "$(TEST_HOST)";
				INFOPLIST_FILE = EffectScrollViewTests/Info.plist;
				LD_RUNPATH_SEARCH_PATHS = "$(inherited) @executable_path/Frameworks @loader_path/Frameworks";
				PRODUCT_BUNDLE_IDENTIFIER = phuot.EffectScrollViewTests;
				PRODUCT_NAME = "$(TARGET_NAME)";
				TEST_HOST = "$(BUILT_PRODUCTS_DIR)/EffectScrollView.app/EffectScrollView";
			};
			name = Release;
		};
/* End XCBuildConfiguration section */

/* Begin XCConfigurationList section */
		4272EF101BCCB53200B4DEB9 /* Build configuration list for PBXProject "EffectScrollView" */ = {
			isa = XCConfigurationList;
			buildConfigurations = (
				4272EF301BCCB53200B4DEB9 /* Debug */,
				4272EF311BCCB53200B4DEB9 /* Release */,
			);
			defaultConfigurationIsVisible = 0;
			defaultConfigurationName = Release;
		};
		4272EF321BCCB53200B4DEB9 /* Build configuration list for PBXNativeTarget "EffectScrollView" */ = {
			isa = XCConfigurationList;
			buildConfigurations = (
				4272EF331BCCB53200B4DEB9 /* Debug */,
				4272EF341BCCB53200B4DEB9 /* Release */,
			);
			defaultConfigurationIsVisible = 0;
		};
		4272EF351BCCB53200B4DEB9 /* Build configuration list for PBXNativeTarget "EffectScrollViewTests" */ = {
			isa = XCConfigurationList;
			buildConfigurations = (
				4272EF361BCCB53200B4DEB9 /* Debug */,
				4272EF371BCCB53200B4DEB9 /* Release */,
			);
			defaultConfigurationIsVisible = 0;
		};
/* End XCConfigurationList section */
	};
	rootObject = 4272EF0D1BCCB53200B4DEB9 /* Project object */;
}
